{
  "nodes": {
    "flake-utils": {
      "inputs": {
        "systems": "systems"
      },
      "locked": {
        "lastModified": 1701680307,
        "narHash": "sha256-kAuep2h5ajznlPMD9rnQyffWG8EM/C73lejGofXvdM8=",
        "owner": "numtide",
        "repo": "flake-utils",
        "rev": "4022d587cbbfd70fe950c1e2083a02621806a725",
        "type": "github"
      },
      "original": {
        "owner": "numtide",
        "repo": "flake-utils",
        "type": "github"
      }
    },
    "nixpkgs": {
      "locked": {
        "lastModified": 1704126706,
        "narHash": "sha256-uIUoLXzwbH/+2KpookNR3/rllAX+VhPQzaunCOv0sxA=",
        "owner": "nixos",
        "repo": "nixpkgs",
        "rev": "4f32f9677aad6141b5c3ffe4aa0375accec8bf9c",
        "type": "github"
      },
      "original": {
        "owner": "nixos",
        "repo": "nixpkgs",
        "type": "github"
      }
    },
    "root": {
      "inputs": {
        "flake-utils": "flake-utils",
        "nixpkgs": "nixpkgs",
        "terraform_1_5_7-nixpkgs": "terraform_1_5_7-nixpkgs"
      }
    },
    "systems": {
      "locked": {
        "lastModified": 1681028828,
        "narHash": "sha256-Vy1rq5AaRuLzOxct8nz4T6wlgyUR7zLU309k9mBC768=",
        "owner": "nix-systems",
        "repo": "default",
        "rev": "da67096a3b9bf56a91d16901293e51ba5b49a27e",
        "type": "github"
      },
      "original": {
        "owner": "nix-systems",
        "repo": "default",
        "type": "github"
      }
    },
    "terraform_1_5_7-nixpkgs": {
      "locked": {
        "lastModified": 1695851375,
        "narHash": "sha256-mQUik6XZea6ZcCkMpUieq1oxlEDE0vqTTRU9RStgtSQ=",
        "owner": "nixos",
        "repo": "nixpkgs",
        "rev": "4ab8a3de296914f3b631121e9ce3884f1d34e1e5",
        "type": "github"
      },
      "original": {
        "owner": "nixos",
        "repo": "nixpkgs",
        "rev": "4ab8a3de296914f3b631121e9ce3884f1d34e1e5",
        "type": "github"
      }
    }
  },
  "root": "root",
  "version": 7
}
